
Microsoft Visual Studio Solution File, Format Version 12.00
# Visual Studio Version 16
VisualStudioVersion = 16.0.29806.167
MinimumVisualStudioVersion = 10.0.40219.1
Project("{FAE04EC0-301F-11D3-BF4B-00C04F79EFBC}") = "Core", "PtnDeneme\Core\Core.csproj", "{3049F81D-8917-4E79-8F66-97F15CE3378A}"
EndProject
Project("{FAE04EC0-301F-11D3-BF4B-00C04F79EFBC}") = "Entities", "PtnDeneme\Entities\Entities.csproj", "{DC5EC9B4-B29A-481B-9B05-89DD7B3790E2}"
EndProject
Project("{FAE04EC0-301F-11D3-BF4B-00C04F79EFBC}") = "DataAccess", "PtnDeneme\DataAccess\DataAccess.csproj", "{D904EA8B-AF26-4CEA-9499-65CA9CB51B86}"
EndProject
Project("{FAE04EC0-301F-11D3-BF4B-00C04F79EFBC}") = "Business", "PtnDeneme\Business\Business.csproj", "{5749AC99-4BDA-481E-B677-1A3F0B8C721B}"
EndProject
Project("{FAE04EC0-301F-11D3-BF4B-00C04F79EFBC}") = "WebAPI", "PtnDeneme\WebAPI\WebAPI.csproj", "{73B0784D-95D2-4462-9915-82073C36FCB7}"
EndProject
Project("{FAE04EC0-301F-11D3-BF4B-00C04F79EFBC}") = "WebUI", "WebUI\WebUI.csproj", "{0138D207-7CB3-4725-9E88-4E994E6BA119}"
EndProject
Global
	GlobalSection(SolutionConfigurationPlatforms) = preSolution
		Debug|Any CPU = Debug|Any CPU
		Release|Any CPU = Release|Any CPU
	EndGlobalSection
	GlobalSection(ProjectConfigurationPlatforms) = postSolution
		{3049F81D-8917-4E79-8F66-97F15CE3378A}.Debug|Any CPU.ActiveCfg = Debug|Any CPU
		{3049F81D-8917-4E79-8F66-97F15CE3378A}.Debug|Any CPU.Build.0 = Debug|Any CPU
		{3049F81D-8917-4E79-8F66-97F15CE3378A}.Release|Any CPU.ActiveCfg = Release|Any CPU
		{3049F81D-8917-4E79-8F66-97F15CE3378A}.Release|Any CPU.Build.0 = Release|Any CPU
		{DC5EC9B4-B29A-481B-9B05-89DD7B3790E2}.Debug|Any CPU.ActiveCfg = Debug|Any CPU
		{DC5EC9B4-B29A-481B-9B05-89DD7B3790E2}.Debug|Any CPU.Build.0 = Debug|Any CPU
		{DC5EC9B4-B29A-481B-9B05-89DD7B3790E2}.Release|Any CPU.ActiveCfg = Release|Any CPU
		{DC5EC9B4-B29A-481B-9B05-89DD7B3790E2}.Release|Any CPU.Build.0 = Release|Any CPU
		{D904EA8B-AF26-4CEA-9499-65CA9CB51B86}.Debug|Any CPU.ActiveCfg = Debug|Any CPU
		{D904EA8B-AF26-4CEA-9499-65CA9CB51B86}.Debug|Any CPU.Build.0 = Debug|Any CPU
		{D904EA8B-AF26-4CEA-9499-65CA9CB51B86}.Release|Any CPU.ActiveCfg = Release|Any CPU
		{D904EA8B-AF26-4CEA-9499-65CA9CB51B86}.Release|Any CPU.Build.0 = Release|Any CPU
		{5749AC99-4BDA-481E-B677-1A3F0B8C721B}.Debug|Any CPU.ActiveCfg = Debug|Any CPU
		{5749AC99-4BDA-481E-B677-1A3F0B8C721B}.Debug|Any CPU.Build.0 = Debug|Any CPU
		{5749AC99-4BDA-481E-B677-1A3F0B8C721B}.Release|Any CPU.ActiveCfg = Release|Any CPU
		{5749AC99-4BDA-481E-B677-1A3F0B8C721B}.Release|Any CPU.Build.0 = Release|Any CPU
		{73B0784D-95D2-4462-9915-82073C36FCB7}.Debug|Any CPU.ActiveCfg = Debug|Any CPU
		{73B0784D-95D2-4462-9915-82073C36FCB7}.Debug|Any CPU.Build.0 = Debug|Any CPU
		{73B0784D-95D2-4462-9915-82073C36FCB7}.Release|Any CPU.ActiveCfg = Release|Any CPU
		{73B0784D-95D2-4462-9915-82073C36FCB7}.Release|Any CPU.Build.0 = Release|Any CPU
		{0138D207-7CB3-4725-9E88-4E994E6BA119}.Debug|Any CPU.ActiveCfg = Debug|Any CPU
		{0138D207-7CB3-4725-9E88-4E994E6BA119}.Debug|Any CPU.Build.0 = Debug|Any CPU
		{0138D207-7CB3-4725-9E88-4E994E6BA119}.Release|Any CPU.ActiveCfg = Release|Any CPU
		{0138D207-7CB3-4725-9E88-4E994E6BA119}.Release|Any CPU.Build.0 = Release|Any CPU
	EndGlobalSection
	GlobalSection(SolutionProperties) = preSolution
		HideSolutionNode = FALSE
	EndGlobalSection
	GlobalSection(ExtensibilityGlobals) = postSolution
		SolutionGuid = {37B95DB0-53D2-494F-AB10-3D37C79E109E}
	EndGlobalSection
EndGlobal
